// !$*UTF8*$!
{
	archiveVersion = 1;
	classes = {
	};
	objectVersion = 56;
	objects = {

/* Begin PBXBuildFile section */
		7A95D9772ACAEBDB0067ED61 /* Assets.xcassets in Resources */ = {isa = PBXBuildFile; fileRef = 7A95D9762ACAEBDB0067ED61 /* Assets.xcassets */; };
		7A95D97A2ACAEBDB0067ED61 /* Preview Assets.xcassets in Resources */ = {isa = PBXBuildFile; fileRef = 7A95D9792ACAEBDB0067ED61 /* Preview Assets.xcassets */; };
		7A95D9812ACAEBFC0067ED61 /* README.md in Resources */ = {isa = PBXBuildFile; fileRef = 7A95D9802ACAEBFC0067ED61 /* README.md */; };
		7A95D9892ACAEC440067ED61 /* UnitConversion.swift in Sources */ = {isa = PBXBuildFile; fileRef = 7A95D9842ACAEC430067ED61 /* UnitConversion.swift */; };
		7A95D98A2ACAEC440067ED61 /* Unit.swift in Sources */ = {isa = PBXBuildFile; fileRef = 7A95D9852ACAEC440067ED61 /* Unit.swift */; };
		7A95D98B2ACAEC440067ED61 /* Units.json in Resources */ = {isa = PBXBuildFile; fileRef = 7A95D9862ACAEC440067ED61 /* Units.json */; };
		7A95D98C2ACAEC440067ED61 /* Archiver.swift in Sources */ = {isa = PBXBuildFile; fileRef = 7A95D9872ACAEC440067ED61 /* Archiver.swift */; };
		7A95D98D2ACAEC440067ED61 /* DataProvider.swift in Sources */ = {isa = PBXBuildFile; fileRef = 7A95D9882ACAEC440067ED61 /* DataProvider.swift */; };
		7A95D9942ACAEC760067ED61 /* UnitConversionView.swift in Sources */ = {isa = PBXBuildFile; fileRef = 7A95D9902ACAEC760067ED61 /* UnitConversionView.swift */; };
		7A95D9952ACAEC760067ED61 /* FavoritesView.swift in Sources */ = {isa = PBXBuildFile; fileRef = 7A95D9912ACAEC760067ED61 /* FavoritesView.swift */; };
		7A95D9962ACAEC760067ED61 /* ContentView.swift in Sources */ = {isa = PBXBuildFile; fileRef = 7A95D9922ACAEC760067ED61 /* ContentView.swift */; };
		7A95D9972ACAEC760067ED61 /* UnitsView.swift in Sources */ = {isa = PBXBuildFile; fileRef = 7A95D9932ACAEC760067ED61 /* UnitsView.swift */; };
		7A95D99B2ACAEC990067ED61 /* FileManager-documentsDirectory.swift in Sources */ = {isa = PBXBuildFile; fileRef = 7A95D9992ACAEC990067ED61 /* FileManager-documentsDirectory.swift */; };
		7A95D99C2ACAEC990067ED61 /* Bundle-Decodable.swift in Sources */ = {isa = PBXBuildFile; fileRef = 7A95D99A2ACAEC990067ED61 /* Bundle-Decodable.swift */; };
		7A95D99E2ACAFAEA0067ED61 /* UnitConversionApp.swift in Sources */ = {isa = PBXBuildFile; fileRef = 7A95D99D2ACAFAE90067ED61 /* UnitConversionApp.swift */; };
/* End PBXBuildFile section */

/* Begin PBXFileReference section */
		7A95D96F2ACAEBD80067ED61 /* UnitConversion.app */ = {isa = PBXFileReference; explicitFileType = wrapper.application; includeInIndex = 0; path = UnitConversion.app; sourceTree = BUILT_PRODUCTS_DIR; };
		7A95D9762ACAEBDB0067ED61 /* Assets.xcassets */ = {isa = PBXFileReference; lastKnownFileType = folder.assetcatalog; path = Assets.xcassets; sourceTree = "<group>"; };
		7A95D9792ACAEBDB0067ED61 /* Preview Assets.xcassets */ = {isa = PBXFileReference; lastKnownFileType = folder.assetcatalog; path = "Preview Assets.xcassets"; sourceTree = "<group>"; };
		7A95D9802ACAEBFC0067ED61 /* README.md */ = {isa = PBXFileReference; fileEncoding = 4; lastKnownFileType = net.daringfireball.markdown; path = README.md; sourceTree = "<group>"; };
		7A95D9842ACAEC430067ED61 /* UnitConversion.swift */ = {isa = PBXFileReference; fileEncoding = 4; lastKnownFileType = sourcecode.swift; path = UnitConversion.swift; sourceTree = "<group>"; };
		7A95D9852ACAEC440067ED61 /* Unit.swift */ = {isa = PBXFileReference; fileEncoding = 4; lastKnownFileType = sourcecode.swift; path = Unit.swift; sourceTree = "<group>"; };
		7A95D9862ACAEC440067ED61 /* Units.json */ = {isa = PBXFileReference; fileEncoding = 4; lastKnownFileType = text.json; path = Units.json; sourceTree = "<group>"; };
		7A95D9872ACAEC440067ED61 /* Archiver.swift */ = {isa = PBXFileReference; fileEncoding = 4; lastKnownFileType = sourcecode.swift; path = Archiver.swift; sourceTree = "<group>"; };
		7A95D9882ACAEC440067ED61 /* DataProvider.swift */ = {isa = PBXFileReference; fileEncoding = 4; lastKnownFileType = sourcecode.swift; path = DataProvider.swift; sourceTree = "<group>"; };
		7A95D9902ACAEC760067ED61 /* UnitConversionView.swift */ = {isa = PBXFileReference; fileEncoding = 4; lastKnownFileType = sourcecode.swift; path = UnitConversionView.swift; sourceTree = "<group>"; };
		7A95D9912ACAEC760067ED61 /* FavoritesView.swift */ = {isa = PBXFileReference; fileEncoding = 4; lastKnownFileType = sourcecode.swift; path = FavoritesView.swift; sourceTree = "<group>"; };
		7A95D9922ACAEC760067ED61 /* ContentView.swift */ = {isa = PBXFileReference; fileEncoding = 4; lastKnownFileType = sourcecode.swift; path = ContentView.swift; sourceTree = "<group>"; };
		7A95D9932ACAEC760067ED61 /* UnitsView.swift */ = {isa = PBXFileReference; fileEncoding = 4; lastKnownFileType = sourcecode.swift; path = UnitsView.swift; sourceTree = "<group>"; };
		7A95D9992ACAEC990067ED61 /* FileManager-documentsDirectory.swift */ = {isa = PBXFileReference; fileEncoding = 4; lastKnownFileType = sourcecode.swift; path = "FileManager-documentsDirectory.swift"; sourceTree = "<group>"; };
		7A95D99A2ACAEC990067ED61 /* Bundle-Decodable.swift */ = {isa = PBXFileReference; fileEncoding = 4; lastKnownFileType = sourcecode.swift; path = "Bundle-Decodable.swift"; sourceTree = "<group>"; };
		7A95D99D2ACAFAE90067ED61 /* UnitConversionApp.swift */ = {isa = PBXFileReference; fileEncoding = 4; lastKnownFileType = sourcecode.swift; path = UnitConversionApp.swift; sourceTree = "<group>"; };
/* End PBXFileReference section */

/* Begin PBXFrameworksBuildPhase section */
		7A95D96C2ACAEBD80067ED61 /* Frameworks */ = {
			isa = PBXFrameworksBuildPhase;
			buildActionMask = 2147483647;
			files = (
			);
			runOnlyForDeploymentPostprocessing = 0;
		};
/* End PBXFrameworksBuildPhase section */

/* Begin PBXGroup section */
		7A95D9662ACAEBD80067ED61 = {
			isa = PBXGroup;
			children = (
				7A95D9802ACAEBFC0067ED61 /* README.md */,
				7A95D9712ACAEBD80067ED61 /* UnitConversion */,
				7A95D9702ACAEBD80067ED61 /* Products */,
			);
			sourceTree = "<group>";
		};
		7A95D9702ACAEBD80067ED61 /* Products */ = {
			isa = PBXGroup;
			children = (
				7A95D96F2ACAEBD80067ED61 /* UnitConversion.app */,
			);
			name = Products;
			sourceTree = "<group>";
		};
		7A95D9712ACAEBD80067ED61 /* UnitConversion */ = {
			isa = PBXGroup;
			children = (
				7A95D99D2ACAFAE90067ED61 /* UnitConversionApp.swift */,
				7A95D98E2ACAEC480067ED61 /* Model */,
				7A95D98F2ACAEC5B0067ED61 /* View */,
				7A95D9982ACAEC880067ED61 /* Extensions */,
				7A95D9762ACAEBDB0067ED61 /* Assets.xcassets */,
				7A95D9782ACAEBDB0067ED61 /* Preview Content */,
			);
			path = UnitConversion;
			sourceTree = "<group>";
		};
		7A95D9782ACAEBDB0067ED61 /* Preview Content */ = {
			isa = PBXGroup;
			children = (
				7A95D9792ACAEBDB0067ED61 /* Preview Assets.xcassets */,
			);
			path = "Preview Content";
			sourceTree = "<group>";
		};
		7A95D98E2ACAEC480067ED61 /* Model */ = {
			isa = PBXGroup;
			children = (
				7A95D9872ACAEC440067ED61 /* Archiver.swift */,
				7A95D9882ACAEC440067ED61 /* DataProvider.swift */,
				7A95D9852ACAEC440067ED61 /* Unit.swift */,
				7A95D9842ACAEC430067ED61 /* UnitConversion.swift */,
				7A95D9862ACAEC440067ED61 /* Units.json */,
			);
			path = Model;
			sourceTree = "<group>";
		};
		7A95D98F2ACAEC5B0067ED61 /* View */ = {
			isa = PBXGroup;
			children = (
				7A95D9922ACAEC760067ED61 /* ContentView.swift */,
				7A95D9912ACAEC760067ED61 /* FavoritesView.swift */,
				7A95D9932ACAEC760067ED61 /* UnitsView.swift */,
				7A95D9902ACAEC760067ED61 /* UnitConversionView.swift */,
			);
			path = View;
			sourceTree = "<group>";
		};
		7A95D9982ACAEC880067ED61 /* Extensions */ = {
			isa = PBXGroup;
			children = (
				7A95D99A2ACAEC990067ED61 /* Bundle-Decodable.swift */,
				7A95D9992ACAEC990067ED61 /* FileManager-documentsDirectory.swift */,
			);
			path = Extensions;
			sourceTree = "<group>";
		};
/* End PBXGroup section */

/* Begin PBXNativeTarget section */
		7A95D96E2ACAEBD80067ED61 /* UnitConversion */ = {
			isa = PBXNativeTarget;
			buildConfigurationList = 7A95D97D2ACAEBDB0067ED61 /* Build configuration list for PBXNativeTarget "UnitConversion" */;
			buildPhases = (
				7A95D96B2ACAEBD80067ED61 /* Sources */,
				7A95D96C2ACAEBD80067ED61 /* Frameworks */,
				7A95D96D2ACAEBD80067ED61 /* Resources */,
			);
			buildRules = (
			);
			dependencies = (
			);
			name = UnitConversion;
			productName = UnitConversion;
			productReference = 7A95D96F2ACAEBD80067ED61 /* UnitConversion.app */;
			productType = "com.apple.product-type.application";
		};
/* End PBXNativeTarget section */

/* Begin PBXProject section */
		7A95D9672ACAEBD80067ED61 /* Project object */ = {
			isa = PBXProject;
			attributes = {
				BuildIndependentTargetsInParallel = 1;
				LastSwiftUpdateCheck = 1500;
				LastUpgradeCheck = 1500;
				TargetAttributes = {
					7A95D96E2ACAEBD80067ED61 = {
						CreatedOnToolsVersion = 15.0;
					};
				};
			};
			buildConfigurationList = 7A95D96A2ACAEBD80067ED61 /* Build configuration list for PBXProject "UnitConversion" */;
			compatibilityVersion = "Xcode 14.0";
			developmentRegion = en;
			hasScannedForEncodings = 0;
			knownRegions = (
				en,
				Base,
			);
			mainGroup = 7A95D9662ACAEBD80067ED61;
			productRefGroup = 7A95D9702ACAEBD80067ED61 /* Products */;
			projectDirPath = "";
			projectRoot = "";
			targets = (
				7A95D96E2ACAEBD80067ED61 /* UnitConversion */,
			);
		};
/* End PBXProject section */

/* Begin PBXResourcesBuildPhase section */
		7A95D96D2ACAEBD80067ED61 /* Resources */ = {
			isa = PBXResourcesBuildPhase;
			buildActionMask = 2147483647;
			files = (
				7A95D9812ACAEBFC0067ED61 /* README.md in Resources */,
				7A95D98B2ACAEC440067ED61 /* Units.json in Resources */,
				7A95D97A2ACAEBDB0067ED61 /* Preview Assets.xcassets in Resources */,
				7A95D9772ACAEBDB0067ED61 /* Assets.xcassets in Resources */,
			);
			runOnlyForDeploymentPostprocessing = 0;
		};
/* End PBXResourcesBuildPhase section */

/* Begin PBXSourcesBuildPhase section */
		7A95D96B2ACAEBD80067ED61 /* Sources */ = {
			isa = PBXSourcesBuildPhase;
			buildActionMask = 2147483647;
			files = (
				7A95D99B2ACAEC990067ED61 /* FileManager-documentsDirectory.swift in Sources */,
				7A95D98D2ACAEC440067ED61 /* DataProvider.swift in Sources */,
				7A95D98C2ACAEC440067ED61 /* Archiver.swift in Sources */,
				7A95D9972ACAEC760067ED61 /* UnitsView.swift in Sources */,
				7A95D9962ACAEC760067ED61 /* ContentView.swift in Sources */,
				7A95D99E2ACAFAEA0067ED61 /* UnitConversionApp.swift in Sources */,
				7A95D9942ACAEC760067ED61 /* UnitConversionView.swift in Sources */,
				7A95D99C2ACAEC990067ED61 /* Bundle-Decodable.swift in Sources */,
				7A95D98A2ACAEC440067ED61 /* Unit.swift in Sources */,
				7A95D9952ACAEC760067ED61 /* FavoritesView.swift in Sources */,
				7A95D9892ACAEC440067ED61 /* UnitConversion.swift in Sources */,
			);
			runOnlyForDeploymentPostprocessing = 0;
		};
/* End PBXSourcesBuildPhase section */

/* Begin XCBuildConfiguration section */
		7A95D97B2ACAEBDB0067ED61 /* Debug */ = {
			isa = XCBuildConfiguration;
			buildSettings = {
				ALWAYS_SEARCH_USER_PATHS = NO;
				ASSETCATALOG_COMPILER_GENERATE_SWIFT_ASSET_SYMBOL_EXTENSIONS = YES;
				CLANG_ANALYZER_NONNULL = YES;
				CLANG_ANALYZER_NUMBER_OBJECT_CONVERSION = YES_AGGRESSIVE;
				CLANG_CXX_LANGUAGE_STANDARD = "gnu++20";
				CLANG_ENABLE_MODULES = YES;
				CLANG_ENABLE_OBJC_ARC = YES;
				CLANG_ENABLE_OBJC_WEAK = YES;
				CLANG_WARN_BLOCK_CAPTURE_AUTORELEASING = YES;
				CLANG_WARN_BOOL_CONVERSION = YES;
				CLANG_WARN_COMMA = YES;
				CLANG_WARN_CONSTANT_CONVERSION = YES;
				CLANG_WARN_DEPRECATED_OBJC_IMPLEMENTATIONS = YES;
				CLANG_WARN_DIRECT_OBJC_ISA_USAGE = YES_ERROR;
				CLANG_WARN_DOCUMENTATION_COMMENTS = YES;
				CLANG_WARN_EMPTY_BODY = YES;
				CLANG_WARN_ENUM_CONVERSION = YES;
				CLANG_WARN_INFINITE_RECURSION = YES;
				CLANG_WARN_INT_CONVERSION = YES;
				CLANG_WARN_NON_LITERAL_NULL_CONVERSION = YES;
				CLANG_WARN_OBJC_IMPLICIT_RETAIN_SELF = YES;
				CLANG_WARN_OBJC_LITERAL_CONVERSION = YES;
				CLANG_WARN_OBJC_ROOT_CLASS = YES_ERROR;
				CLANG_WARN_QUOTED_INCLUDE_IN_FRAMEWORK_HEADER = YES;
				CLANG_WARN_RANGE_LOOP_ANALYSIS = YES;
				CLANG_WARN_STRICT_PROTOTYPES = YES;
				CLANG_WARN_SUSPICIOUS_MOVE = YES;
				CLANG_WARN_UNGUARDED_AVAILABILITY = YES_AGGRESSIVE;
				CLANG_WARN_UNREACHABLE_CODE = YES;
				CLANG_WARN__DUPLICATE_METHOD_MATCH = YES;
				COPY_PHASE_STRIP = NO;
				DEBUG_INFORMATION_FORMAT = dwarf;
				ENABLE_STRICT_OBJC_MSGSEND = YES;
				ENABLE_TESTABILITY = YES;
				ENABLE_USER_SCRIPT_SANDBOXING = YES;
				GCC_C_LANGUAGE_STANDARD = gnu17;
				GCC_DYNAMIC_NO_PIC = NO;
				GCC_NO_COMMON_BLOCKS = YES;
				GCC_OPTIMIZATION_LEVEL = 0;
				GCC_PREPROCESSOR_DEFINITIONS = (
					"DEBUG=1",
					"$(inherited)",
				);
				GCC_WARN_64_TO_32_BIT_CONVERSION = YES;
				GCC_WARN_ABOUT_RETURN_TYPE = YES_ERROR;
				GCC_WARN_UNDECLARED_SELECTOR = YES;
				GCC_WARN_UNINITIALIZED_AUTOS = YES_AGGRESSIVE;
				GCC_WARN_UNUSED_FUNCTION = YES;
				GCC_WARN_UNUSED_VARIABLE = YES;
				IPHONEOS_DEPLOYMENT_TARGET = 16.2;
				LOCALIZATION_PREFERS_STRING_CATALOGS = YES;
				MTL_ENABLE_DEBUG_INFO = INCLUDE_SOURCE;
				MTL_FAST_MATH = YES;
				ONLY_ACTIVE_ARCH = YES;
				SDKROOT = iphoneos;
				SWIFT_ACTIVE_COMPILATION_CONDITIONS = "DEBUG $(inherited)";
				SWIFT_OPTIMIZATION_LEVEL = "-Onone";
			};
			name = Debug;
		};
		7A95D97C2ACAEBDB0067ED61 /* Release */ = {
			isa = XCBuildConfiguration;
			buildSettings = {
				ALWAYS_SEARCH_USER_PATHS = NO;
				ASSETCATALOG_COMPILER_GENERATE_SWIFT_ASSET_SYMBOL_EXTENSIONS = YES;
				CLANG_ANALYZER_NONNULL = YES;
				CLANG_ANALYZER_NUMBER_OBJECT_CONVERSION = YES_AGGRESSIVE;
				CLANG_CXX_LANGUAGE_STANDARD = "gnu++20";
				CLANG_ENABLE_MODULES = YES;
				CLANG_ENABLE_OBJC_ARC = YES;
				CLANG_ENABLE_OBJC_WEAK = YES;
				CLANG_WARN_BLOCK_CAPTURE_AUTORELEASING = YES;
				CLANG_WARN_BOOL_CONVERSION = YES;
				CLANG_WARN_COMMA = YES;
				CLANG_WARN_CONSTANT_CONVERSION = YES;
				CLANG_WARN_DEPRECATED_OBJC_IMPLEMENTATIONS = YES;
				CLANG_WARN_DIRECT_OBJC_ISA_USAGE = YES_ERROR;
				CLANG_WARN_DOCUMENTATION_COMMENTS = YES;
				CLANG_WARN_EMPTY_BODY = YES;
				CLANG_WARN_ENUM_CONVERSION = YES;
				CLANG_WARN_INFINITE_RECURSION = YES;
				CLANG_WARN_INT_CONVERSION = YES;
				CLANG_WARN_NON_LITERAL_NULL_CONVERSION = YES;
				CLANG_WARN_OBJC_IMPLICIT_RETAIN_SELF = YES;
				CLANG_WARN_OBJC_LITERAL_CONVERSION = YES;
				CLANG_WARN_OBJC_ROOT_CLASS = YES_ERROR;
				CLANG_WARN_QUOTED_INCLUDE_IN_FRAMEWORK_HEADER = YES;
				CLANG_WARN_RANGE_LOOP_ANALYSIS = YES;
				CLANG_WARN_STRICT_PROTOTYPES = YES;
				CLANG_WARN_SUSPICIOUS_MOVE = YES;
				CLANG_WARN_UNGUARDED_AVAILABILITY = YES_AGGRESSIVE;
				CLANG_WARN_UNREACHABLE_CODE = YES;
				CLANG_WARN__DUPLICATE_METHOD_MATCH = YES;
				COPY_PHASE_STRIP = NO;
				DEBUG_INFORMATION_FORMAT = "dwarf-with-dsym";
				ENABLE_NS_ASSERTIONS = NO;
				ENABLE_STRICT_OBJC_MSGSEND = YES;
				ENABLE_USER_SCRIPT_SANDBOXING = YES;
				GCC_C_LANGUAGE_STANDARD = gnu17;
				GCC_NO_COMMON_BLOCKS = YES;
				GCC_WARN_64_TO_32_BIT_CONVERSION = YES;
				GCC_WARN_ABOUT_RETURN_TYPE = YES_ERROR;
				GCC_WARN_UNDECLARED_SELECTOR = YES;
				GCC_WARN_UNINITIALIZED_AUTOS = YES_AGGRESSIVE;
				GCC_WARN_UNUSED_FUNCTION = YES;
				GCC_WARN_UNUSED_VARIABLE = YES;
				IPHONEOS_DEPLOYMENT_TARGET = 16.2;
				LOCALIZATION_PREFERS_STRING_CATALOGS = YES;
				MTL_ENABLE_DEBUG_INFO = NO;
				MTL_FAST_MATH = YES;
				SDKROOT = iphoneos;
				SWIFT_COMPILATION_MODE = wholemodule;
				VALIDATE_PRODUCT = YES;
			};
			name = Release;
		};
		7A95D97E2ACAEBDB0067ED61 /* Debug */ = {
			isa = XCBuildConfiguration;
			buildSettings = {
				ASSETCATALOG_COMPILER_APPICON_NAME = AppIcon;
				ASSETCATALOG_COMPILER_GLOBAL_ACCENT_COLOR_NAME = AccentColor;
				CODE_SIGN_STYLE = Automatic;
				CURRENT_PROJECT_VERSION = 1;
				DEVELOPMENT_ASSET_PATHS = "\"UnitConversion/Preview Content\"";
				DEVELOPMENT_TEAM = 5Z48PGX9YU;
				ENABLE_PREVIEWS = YES;
				GENERATE_INFOPLIST_FILE = YES;
				INFOPLIST_KEY_CFBundleDisplayName = Units;
				INFOPLIST_KEY_UIApplicationSceneManifest_Generation = YES;
				INFOPLIST_KEY_UIApplicationSupportsIndirectInputEvents = YES;
				INFOPLIST_KEY_UILaunchScreen_Generation = YES;
				INFOPLIST_KEY_UISupportedInterfaceOrientations_iPad = "UIInterfaceOrientationPortrait UIInterfaceOrientationPortraitUpsideDown UIInterfaceOrientationLandscapeLeft UIInterfaceOrientationLandscapeRight";
				INFOPLIST_KEY_UISupportedInterfaceOrientations_iPhone = "UIInterfaceOrientationPortrait UIInterfaceOrientationLandscapeLeft UIInterfaceOrientationLandscapeRight";
				IPHONEOS_DEPLOYMENT_TARGET = 16.2;
				LD_RUNPATH_SEARCH_PATHS = (
					"$(inherited)",
					"@executable_path/Frameworks",
				);
				MARKETING_VERSION = 1.0;
				PRODUCT_BUNDLE_IDENTIFIER = com.example.UnitConversion;
				PRODUCT_NAME = "$(TARGET_NAME)";
				SWIFT_EMIT_LOC_STRINGS = YES;
				SWIFT_VERSION = 5.0;
				TARGETED_DEVICE_FAMILY = "1,2";
			};
			name = Debug;
		};
		7A95D97F2ACAEBDB0067ED61 /* Release */ = {
			isa = XCBuildConfiguration;
			buildSettings = {
				ASSETCATALOG_COMPILER_APPICON_NAME = AppIcon;
				ASSETCATALOG_COMPILER_GLOBAL_ACCENT_COLOR_NAME = AccentColor;
				CODE_SIGN_STYLE = Automatic;
				CURRENT_PROJECT_VERSION = 1;
				DEVELOPMENT_ASSET_PATHS = "\"UnitConversion/Preview Content\"";
				DEVELOPMENT_TEAM = 5Z48PGX9YU;
				ENABLE_PREVIEWS = YES;
				GENERATE_INFOPLIST_FILE = YES;
				INFOPLIST_KEY_CFBundleDisplayName = Units;
				INFOPLIST_KEY_UIApplicationSceneManifest_Generation = YES;
				INFOPLIST_KEY_UIApplicationSupportsIndirectInputEvents = YES;
				INFOPLIST_KEY_UILaunchScreen_Generation = YES;
				INFOPLIST_KEY_UISupportedInterfaceOrientations_iPad = "UIInterfaceOrientationPortrait UIInterfaceOrientationPortraitUpsideDown UIInterfaceOrientationLandscapeLeft UIInterfaceOrientationLandscapeRight";
				INFOPLIST_KEY_UISupportedInterfaceOrientations_iPhone = "UIInterfaceOrientationPortrait UIInterfaceOrientationLandscapeLeft UIInterfaceOrientationLandscapeRight";
				IPHONEOS_DEPLOYMENT_TARGET = 16.2;
				LD_RUNPATH_SEARCH_PATHS = (
					"$(inherited)",
					"@executable_path/Frameworks",
				);
				MARKETING_VERSION = 1.0;
				PRODUCT_BUNDLE_IDENTIFIER = com.example.UnitConversion;
				PRODUCT_NAME = "$(TARGET_NAME)";
				SWIFT_EMIT_LOC_STRINGS = YES;
				SWIFT_VERSION = 5.0;
				TARGETED_DEVICE_FAMILY = "1,2";
			};
			name = Release;
		};
/* End XCBuildConfiguration section */

/* Begin XCConfigurationList section */
		7A95D96A2ACAEBD80067ED61 /* Build configuration list for PBXProject "UnitConversion" */ = {
			isa = XCConfigurationList;
			buildConfigurations = (
				7A95D97B2ACAEBDB0067ED61 /* Debug */,
				7A95D97C2ACAEBDB0067ED61 /* Release */,
			);
			defaultConfigurationIsVisible = 0;
			defaultConfigurationName = Release;
		};
		7A95D97D2ACAEBDB0067ED61 /* Build configuration list for PBXNativeTarget "UnitConversion" */ = {
			isa = XCConfigurationList;
			buildConfigurations = (
				7A95D97E2ACAEBDB0067ED61 /* Debug */,
				7A95D97F2ACAEBDB0067ED61 /* Release */,
			);
			defaultConfigurationIsVisible = 0;
			defaultConfigurationName = Release;
		};
/* End XCConfigurationList section */
	};
	rootObject = 7A95D9672ACAEBD80067ED61 /* Project object */;
}
